{
  "name": "claude_skill_learn",
  "lockfileVersion": 3,
  "requires": true,
  "packages": {
    "": {
      "dependencies": {
        "@wechatbot/wechatbot": "^2.1.1"
      }
    },
    "node_modules/@wechatbot/wechatbot": {
      "version": "2.1.1",
      "resolved": "https://registry.npmmirror.com/@wechatbot/wechatbot/-/wechatbot-2.1.1.tgz",
      "integrity": "sha512-94H1HrfksPB46HZdnQ2Ifebaz8eg6cy8SCIr1siFa0HsyPT9S+Hf6e3jAFtpC9ky9TF0JIXAv4rlcABmgvZhrA==",
      "license": "MIT",
      "engines": {
        "node": ">=22"
      }
    }
  }
}
